
Microsoft Visual Studio Solution File, Format Version 12.00
# Visual Studio Version 16
VisualStudioVersion = 16.0.33927.289
MinimumVisualStudioVersion = 10.0.40219.1
Project("{2150E333-8FDC-42A3-9474-1A3956D46DE8}") = "Task0", "Task0", "{1DC94DFE-0A43-4B07-99F8-B51BA3D2FAA4}"
EndProject
Project("{FAE04EC0-301F-11D3-BF4B-00C04F79EFBC}") = "Tyuiu.GrigorjanAM.Sprint5.Task0.V6", "Tyuiu.GrigorjanAM.Sprint5.Task0.V6\Tyuiu.GrigorjanAM.Sprint5.Task0.V6.csproj", "{D75C1D63-19B4-4EEA-B2E3-F09A19CA1FAE}"
EndProject
Project("{FAE04EC0-301F-11D3-BF4B-00C04F79EFBC}") = "Tyuiu.GrigorjanAM.Sprint5.Task0.V6.Lib", "Tyuiu.GrigorjanAM.Sprint5.Task0.V6.Lib\Tyuiu.GrigorjanAM.Sprint5.Task0.V6.Lib.csproj", "{10B8FD94-9455-4522-B28A-9A66381A0DB6}"
EndProject
Project("{FAE04EC0-301F-11D3-BF4B-00C04F79EFBC}") = "Tyuiu.GrigorjanAM.Sprint5.Task0.V6.Test", "Tyuiu.GrigorjanAM.Sprint5.Task0.V6.Test\Tyuiu.GrigorjanAM.Sprint5.Task0.V6.Test.csproj", "{DE199EE2-5037-4061-93E8-A8B3B441B8F8}"
EndProject
Project("{2150E333-8FDC-42A3-9474-1A3956D46DE8}") = "Task1", "Task1", "{A1C13FB0-B7F6-4068-901E-4CF2A149D268}"
EndProject
Project("{FAE04EC0-301F-11D3-BF4B-00C04F79EFBC}") = "Tyuiu.GrigorjanAM.Sprint5.Task1.V6", "Tyuiu.GrigorjanAM.Sprint5.Task1.V6\Tyuiu.GrigorjanAM.Sprint5.Task1.V6.csproj", "{190BA691-E4A9-40AA-9273-6FF0A6C01805}"
EndProject
Project("{FAE04EC0-301F-11D3-BF4B-00C04F79EFBC}") = "Tyuiu.GrigorjanAM.Sprint5.Task1.V6.Test", "Tyuiu.GrigorjanAM.Sprint5.Task1.V6.Test\Tyuiu.GrigorjanAM.Sprint5.Task1.V6.Test.csproj", "{CAD016AD-A3D8-4B51-BE43-97A2F2BBAB5B}"
EndProject
Project("{FAE04EC0-301F-11D3-BF4B-00C04F79EFBC}") = "Tyuiu.GrigorjanAM.Sprint5.Task1.V6.Lib", "Tyuiu.GrigorjanAM.Sprint5.Task1.V6.Lib\Tyuiu.GrigorjanAM.Sprint5.Task1.V6.Lib.csproj", "{3CEC5E75-DCAB-4609-8B0A-9FAA5ABD96F8}"
EndProject
Project("{2150E333-8FDC-42A3-9474-1A3956D46DE8}") = "Task2", "Task2", "{B77D92FE-CA27-4961-A7CD-E9AB814310A2}"
EndProject
Project("{FAE04EC0-301F-11D3-BF4B-00C04F79EFBC}") = "Tyuiu.GrigorjanAM.Sprint5.Task2.V12", "Tyuiu.GrigorjanAM.Sprint5.Task2.V12\Tyuiu.GrigorjanAM.Sprint5.Task2.V12.csproj", "{6137B107-6BFC-4F94-AFCA-59D22722F32E}"
EndProject
Project("{FAE04EC0-301F-11D3-BF4B-00C04F79EFBC}") = "Tyuiu.GrigorjanAM.Sprint5.Task2.V12.Lib", "Tyuiu.GrigorjanAM.Sprint5.Task2.V12.Lib\Tyuiu.GrigorjanAM.Sprint5.Task2.V12.Lib.csproj", "{DF70F491-521C-47D6-9CEC-2475CE4CEF14}"
EndProject
Project("{FAE04EC0-301F-11D3-BF4B-00C04F79EFBC}") = "Tyuiu.GrigorjanAM.Sprint5.Task2.V12.Test", "Tyuiu.GrigorjanAM.Sprint5.Task2.V12.Test\Tyuiu.GrigorjanAM.Sprint5.Task2.V12.Test.csproj", "{A058628F-3DC6-4AB3-9496-2123FB049765}"
EndProject
Project("{2150E333-8FDC-42A3-9474-1A3956D46DE8}") = "Task3", "Task3", "{1CEA71D5-1821-42D8-99AA-10967C804701}"
EndProject
Project("{FAE04EC0-301F-11D3-BF4B-00C04F79EFBC}") = "Tyuiu.GrigorjanAM.Sprint5.Task3.V5", "Tyuiu.GrigorjanAM.Sprint5.Task3.V5\Tyuiu.GrigorjanAM.Sprint5.Task3.V5.csproj", "{79DFEF69-56EC-4E3C-B89F-89B3C8B25D17}"
EndProject
Project("{FAE04EC0-301F-11D3-BF4B-00C04F79EFBC}") = "Tyuiu.GrigorjanAM.Sprint5.Task3.V5.Lib", "Tyuiu.GrigorjanAM.Sprint5.Task3.V5.Lib\Tyuiu.GrigorjanAM.Sprint5.Task3.V5.Lib.csproj", "{5A008B50-9F89-4E2D-89E1-2708A40A23A8}"
EndProject
Project("{FAE04EC0-301F-11D3-BF4B-00C04F79EFBC}") = "Tyuiu.GrigorjanAM.Sprint5.Task3.V5.Test", "Tyuiu.GrigorjanAM.Sprint5.Task3.V5.Test\Tyuiu.GrigorjanAM.Sprint5.Task3.V5.Test.csproj", "{A183B301-3B45-4F6D-AC3A-378D0623004F}"
EndProject
Project("{2150E333-8FDC-42A3-9474-1A3956D46DE8}") = "Task4", "Task4", "{E9BBAD79-8544-4CF4-B954-56D1FCE3925E}"
EndProject
Project("{FAE04EC0-301F-11D3-BF4B-00C04F79EFBC}") = "Tyuiu.GrigorjanAM.Sprint5.Task4.V24", "Tyuiu.GrigorjanAM.Sprint5.Task4.V24\Tyuiu.GrigorjanAM.Sprint5.Task4.V24.csproj", "{CB86907C-F4C3-47F2-82DE-F2E47EC49D73}"
EndProject
Project("{FAE04EC0-301F-11D3-BF4B-00C04F79EFBC}") = "Tyuiu.GrigorjanAM.Sprint5.Task4.V24.Test", "Tyuiu.GrigorjanAM.Sprint5.Task4.V24.Test\Tyuiu.GrigorjanAM.Sprint5.Task4.V24.Test.csproj", "{4C422E0A-E721-4648-880C-FB9E1322F07D}"
EndProject
Project("{FAE04EC0-301F-11D3-BF4B-00C04F79EFBC}") = "Tyuiu.GrigorjanAM.Sprint5.Task4.V24.Lib", "Tyuiu.GrigorjanAM.Sprint5.Task4.V24.Lib\Tyuiu.GrigorjanAM.Sprint5.Task4.V24.Lib.csproj", "{41EF74F6-7B94-44D2-AA89-BC281D99604B}"
EndProject
Global
	GlobalSection(SolutionConfigurationPlatforms) = preSolution
		Debug|Any CPU = Debug|Any CPU
		Release|Any CPU = Release|Any CPU
	EndGlobalSection
	GlobalSection(ProjectConfigurationPlatforms) = postSolution
		{D75C1D63-19B4-4EEA-B2E3-F09A19CA1FAE}.Debug|Any CPU.ActiveCfg = Debug|Any CPU
		{D75C1D63-19B4-4EEA-B2E3-F09A19CA1FAE}.Debug|Any CPU.Build.0 = Debug|Any CPU
		{D75C1D63-19B4-4EEA-B2E3-F09A19CA1FAE}.Release|Any CPU.ActiveCfg = Release|Any CPU
		{D75C1D63-19B4-4EEA-B2E3-F09A19CA1FAE}.Release|Any CPU.Build.0 = Release|Any CPU
		{10B8FD94-9455-4522-B28A-9A66381A0DB6}.Debug|Any CPU.ActiveCfg = Debug|Any CPU
		{10B8FD94-9455-4522-B28A-9A66381A0DB6}.Debug|Any CPU.Build.0 = Debug|Any CPU
		{10B8FD94-9455-4522-B28A-9A66381A0DB6}.Release|Any CPU.ActiveCfg = Release|Any CPU
		{10B8FD94-9455-4522-B28A-9A66381A0DB6}.Release|Any CPU.Build.0 = Release|Any CPU
		{DE199EE2-5037-4061-93E8-A8B3B441B8F8}.Debug|Any CPU.ActiveCfg = Debug|Any CPU
		{DE199EE2-5037-4061-93E8-A8B3B441B8F8}.Debug|Any CPU.Build.0 = Debug|Any CPU
		{DE199EE2-5037-4061-93E8-A8B3B441B8F8}.Release|Any CPU.ActiveCfg = Release|Any CPU
		{DE199EE2-5037-4061-93E8-A8B3B441B8F8}.Release|Any CPU.Build.0 = Release|Any CPU
		{190BA691-E4A9-40AA-9273-6FF0A6C01805}.Debug|Any CPU.ActiveCfg = Debug|Any CPU
		{190BA691-E4A9-40AA-9273-6FF0A6C01805}.Debug|Any CPU.Build.0 = Debug|Any CPU
		{190BA691-E4A9-40AA-9273-6FF0A6C01805}.Release|Any CPU.ActiveCfg = Release|Any CPU
		{190BA691-E4A9-40AA-9273-6FF0A6C01805}.Release|Any CPU.Build.0 = Release|Any CPU
		{CAD016AD-A3D8-4B51-BE43-97A2F2BBAB5B}.Debug|Any CPU.ActiveCfg = Debug|Any CPU
		{CAD016AD-A3D8-4B51-BE43-97A2F2BBAB5B}.Debug|Any CPU.Build.0 = Debug|Any CPU
		{CAD016AD-A3D8-4B51-BE43-97A2F2BBAB5B}.Release|Any CPU.ActiveCfg = Release|Any CPU
		{CAD016AD-A3D8-4B51-BE43-97A2F2BBAB5B}.Release|Any CPU.Build.0 = Release|Any CPU
		{3CEC5E75-DCAB-4609-8B0A-9FAA5ABD96F8}.Debug|Any CPU.ActiveCfg = Debug|Any CPU
		{3CEC5E75-DCAB-4609-8B0A-9FAA5ABD96F8}.Debug|Any CPU.Build.0 = Debug|Any CPU
		{3CEC5E75-DCAB-4609-8B0A-9FAA5ABD96F8}.Release|Any CPU.ActiveCfg = Release|Any CPU
		{3CEC5E75-DCAB-4609-8B0A-9FAA5ABD96F8}.Release|Any CPU.Build.0 = Release|Any CPU
		{6137B107-6BFC-4F94-AFCA-59D22722F32E}.Debug|Any CPU.ActiveCfg = Debug|Any CPU
		{6137B107-6BFC-4F94-AFCA-59D22722F32E}.Debug|Any CPU.Build.0 = Debug|Any CPU
		{6137B107-6BFC-4F94-AFCA-59D22722F32E}.Release|Any CPU.ActiveCfg = Release|Any CPU
		{6137B107-6BFC-4F94-AFCA-59D22722F32E}.Release|Any CPU.Build.0 = Release|Any CPU
		{DF70F491-521C-47D6-9CEC-2475CE4CEF14}.Debug|Any CPU.ActiveCfg = Debug|Any CPU
		{DF70F491-521C-47D6-9CEC-2475CE4CEF14}.Debug|Any CPU.Build.0 = Debug|Any CPU
		{DF70F491-521C-47D6-9CEC-2475CE4CEF14}.Release|Any CPU.ActiveCfg = Release|Any CPU
		{DF70F491-521C-47D6-9CEC-2475CE4CEF14}.Release|Any CPU.Build.0 = Release|Any CPU
		{A058628F-3DC6-4AB3-9496-2123FB049765}.Debug|Any CPU.ActiveCfg = Debug|Any CPU
		{A058628F-3DC6-4AB3-9496-2123FB049765}.Debug|Any CPU.Build.0 = Debug|Any CPU
		{A058628F-3DC6-4AB3-9496-2123FB049765}.Release|Any CPU.ActiveCfg = Release|Any CPU
		{A058628F-3DC6-4AB3-9496-2123FB049765}.Release|Any CPU.Build.0 = Release|Any CPU
		{79DFEF69-56EC-4E3C-B89F-89B3C8B25D17}.Debug|Any CPU.ActiveCfg = Debug|Any CPU
		{79DFEF69-56EC-4E3C-B89F-89B3C8B25D17}.Debug|Any CPU.Build.0 = Debug|Any CPU
		{79DFEF69-56EC-4E3C-B89F-89B3C8B25D17}.Release|Any CPU.ActiveCfg = Release|Any CPU
		{79DFEF69-56EC-4E3C-B89F-89B3C8B25D17}.Release|Any CPU.Build.0 = Release|Any CPU
		{5A008B50-9F89-4E2D-89E1-2708A40A23A8}.Debug|Any CPU.ActiveCfg = Debug|Any CPU
		{5A008B50-9F89-4E2D-89E1-2708A40A23A8}.Debug|Any CPU.Build.0 = Debug|Any CPU
		{5A008B50-9F89-4E2D-89E1-2708A40A23A8}.Release|Any CPU.ActiveCfg = Release|Any CPU
		{5A008B50-9F89-4E2D-89E1-2708A40A23A8}.Release|Any CPU.Build.0 = Release|Any CPU
		{A183B301-3B45-4F6D-AC3A-378D0623004F}.Debug|Any CPU.ActiveCfg = Debug|Any CPU
		{A183B301-3B45-4F6D-AC3A-378D0623004F}.Debug|Any CPU.Build.0 = Debug|Any CPU
		{A183B301-3B45-4F6D-AC3A-378D0623004F}.Release|Any CPU.ActiveCfg = Release|Any CPU
		{A183B301-3B45-4F6D-AC3A-378D0623004F}.Release|Any CPU.Build.0 = Release|Any CPU
		{CB86907C-F4C3-47F2-82DE-F2E47EC49D73}.Debug|Any CPU.ActiveCfg = Debug|Any CPU
		{CB86907C-F4C3-47F2-82DE-F2E47EC49D73}.Debug|Any CPU.Build.0 = Debug|Any CPU
		{CB86907C-F4C3-47F2-82DE-F2E47EC49D73}.Release|Any CPU.ActiveCfg = Release|Any CPU
		{CB86907C-F4C3-47F2-82DE-F2E47EC49D73}.Release|Any CPU.Build.0 = Release|Any CPU
		{4C422E0A-E721-4648-880C-FB9E1322F07D}.Debug|Any CPU.ActiveCfg = Debug|Any CPU
		{4C422E0A-E721-4648-880C-FB9E1322F07D}.Debug|Any CPU.Build.0 = Debug|Any CPU
		{4C422E0A-E721-4648-880C-FB9E1322F07D}.Release|Any CPU.ActiveCfg = Release|Any CPU
		{4C422E0A-E721-4648-880C-FB9E1322F07D}.Release|Any CPU.Build.0 = Release|Any CPU
		{41EF74F6-7B94-44D2-AA89-BC281D99604B}.Debug|Any CPU.ActiveCfg = Debug|Any CPU
		{41EF74F6-7B94-44D2-AA89-BC281D99604B}.Debug|Any CPU.Build.0 = Debug|Any CPU
		{41EF74F6-7B94-44D2-AA89-BC281D99604B}.Release|Any CPU.ActiveCfg = Release|Any CPU
		{41EF74F6-7B94-44D2-AA89-BC281D99604B}.Release|Any CPU.Build.0 = Release|Any CPU
	EndGlobalSection
	GlobalSection(SolutionProperties) = preSolution
		HideSolutionNode = FALSE
	EndGlobalSection
	GlobalSection(NestedProjects) = preSolution
		{D75C1D63-19B4-4EEA-B2E3-F09A19CA1FAE} = {1DC94DFE-0A43-4B07-99F8-B51BA3D2FAA4}
		{10B8FD94-9455-4522-B28A-9A66381A0DB6} = {1DC94DFE-0A43-4B07-99F8-B51BA3D2FAA4}
		{DE199EE2-5037-4061-93E8-A8B3B441B8F8} = {1DC94DFE-0A43-4B07-99F8-B51BA3D2FAA4}
		{190BA691-E4A9-40AA-9273-6FF0A6C01805} = {A1C13FB0-B7F6-4068-901E-4CF2A149D268}
		{CAD016AD-A3D8-4B51-BE43-97A2F2BBAB5B} = {A1C13FB0-B7F6-4068-901E-4CF2A149D268}
		{3CEC5E75-DCAB-4609-8B0A-9FAA5ABD96F8} = {A1C13FB0-B7F6-4068-901E-4CF2A149D268}
		{6137B107-6BFC-4F94-AFCA-59D22722F32E} = {B77D92FE-CA27-4961-A7CD-E9AB814310A2}
		{DF70F491-521C-47D6-9CEC-2475CE4CEF14} = {B77D92FE-CA27-4961-A7CD-E9AB814310A2}
		{A058628F-3DC6-4AB3-9496-2123FB049765} = {B77D92FE-CA27-4961-A7CD-E9AB814310A2}
		{79DFEF69-56EC-4E3C-B89F-89B3C8B25D17} = {1CEA71D5-1821-42D8-99AA-10967C804701}
		{5A008B50-9F89-4E2D-89E1-2708A40A23A8} = {1CEA71D5-1821-42D8-99AA-10967C804701}
		{A183B301-3B45-4F6D-AC3A-378D0623004F} = {1CEA71D5-1821-42D8-99AA-10967C804701}
		{CB86907C-F4C3-47F2-82DE-F2E47EC49D73} = {E9BBAD79-8544-4CF4-B954-56D1FCE3925E}
		{4C422E0A-E721-4648-880C-FB9E1322F07D} = {E9BBAD79-8544-4CF4-B954-56D1FCE3925E}
		{41EF74F6-7B94-44D2-AA89-BC281D99604B} = {E9BBAD79-8544-4CF4-B954-56D1FCE3925E}
	EndGlobalSection
	GlobalSection(ExtensibilityGlobals) = postSolution
		SolutionGuid = {DAEDFA30-1A6F-4F93-B0B2-5A91014B70F1}
	EndGlobalSection
EndGlobal
